cloud.google.com/go/compute v1.23.3 h1:6sVlXXBmbd7jNX0Ipq0trII3e4n1/MsADLK6a+aiVlk=
cloud.google.com/go/compute v1.23.3/go.mod h1:VCgBUoMnIVIR0CscqQiPJLAG25E3ZRZMzcFZeQ+h8CI=
cloud.google.com/go/compute/metadata v0.2.3 h1:mg4jlk7mCAj6xXp9UJ4fjI9VUI5rubuGBW5aJ7UnBMY=
cloud.google.com/go/compute/metadata v0.2.3/go.mod h1:VAV5nSsACxMJvgaAuX6Pk2AawlZn8kiOGuCv6gTkwuA=
github.com/Masterminds/squirrel v1.5.4 h1:uUcX/aBc8O7Fg9kaISIUsHXdKuqehiXAMQTYX8afzqM=
github.com/Masterminds/squirrel v1.5.4/go.mod h1:NNaOrjSoIDfDA40n7sr2tPNZRfjzjA400rg+riTZj10=
github.com/beorn7/perks v1.0.1 h1:VlbKKnNfV8bJzeqoa4cOKqO6bYr3WgKZxO8Z16+hsOM=
github.com/beorn7/perks v1.0.1/go.mod h1:G2ZrVWU2WbWT9wwq4/hrbKbnv/1ERSJQ0ibhJ6rlkpw=
github.com/bnkamalesh/errors v0.11.1 h1:lxPIza88BwIf/k8jD1UlQyLS+QzEMCwqM2I6Uo81GVs=
github.com/bnkamalesh/errors v0.11.1/go.mod h1:X8+uM23IDiSq8q5kYC3dEP+sMTRlZz0IWFXo7sfrn18=
github.com/bnkamalesh/webgo/v6 v6.7.0 h1:OjS87ncnwzHeWCXyr4TPIOcW4qlNifHiRy7/Kk8VXRA=
github.com/bnkamalesh/webgo/v6 v6.7.0/go.mod h1:QHOzBydSNRq5oYWgg9v7A0RIUlyaZeT9nYCx41Sgzd8=
github.com/cenkalti/backoff/v4 v4.2.1 h1:y4OZtCnogmCPw98Zjyt5a6+QwPLGkiQsYW5oUqylYbM=
github.com/cenkalti/backoff/v4 v4.2.1/go.mod h1:Y3VNntkOUPxTVeUxJ/G5vcM//AlwfmyYozVcomhLiZE=
github.com/cespare/xxhash/v2 v2.2.0 h1:DC2CZ1Ep5Y4k3ZQ899DldepgrayRUGE6BBZ/cd9Cj44=
github.com/cespare/xxhash/v2 v2.2.0/go.mod h1:VGX0DQ3Q6kWi7AoAeZDth3/j3BFtOZR5XLFGgcrjCOs=
github.com/cncf/xds/go v0.0.0-20231109132714-523115ebc101 h1:7To3pQ+pZo0i3dsWEbinPNFs5gPSBOsJtx3wTT94VBY=
github.com/cncf/xds/go v0.0.0-20231109132714-523115ebc101/go.mod h1:eXthEFrGJvWHgFFCl3hGmgk+/aYT6PnTQLykKQRLhEs=
github.com/davecgh/go-spew v1.1.0/go.mod h1:J7Y8YcW2NihsgmVo/mv3lAwl/skON4iLHjSsI+c5H38=
github.com/davecgh/go-spew v1.1.1 h1:vj9j/u1bqnvCEfJOwUhtlOARqs3+rkHYY13jYWTU97c=
github.com/davecgh/go-spew v1.1.1/go.mod h1:J7Y8YcW2NihsgmVo/mv3lAwl/skON4iLHjSsI+c5H38=
github.com/envoyproxy/protoc-gen-validate v1.0.2 h1:QkIBuU5k+x7/QXPvPPnWXWlCdaBFApVqftFV6k087DA=
github.com/envoyproxy/protoc-gen-validate v1.0.2/go.mod h1:GpiZQP3dDbg4JouG/NNS7QWXpgx6x8QiMKdmN72jogE=
github.com/felixge/httpsnoop v1.0.4 h1:NFTV2Zj1bL4mc9sqWACXbQFVBBg2W3GPvqp8/ESS2Wg=
github.com/felixge/httpsnoop v1.0.4/go.mod h1:m8KPJKqk1gH5J9DgRY2ASl2lWCfGKXixSwevea8zH2U=
github.com/go-logr/logr v1.2.2/go.mod h1:jdQByPbusPIv2/zmleS9BjJVeZ6kBagPoEUsqbVz/1A=
github.com/go-logr/logr v1.4.1 h1:pKouT5E8xu9zeFC39JXRDukb6JFQPXM5p5I91188VAQ=
github.com/go-logr/logr v1.4.1/go.mod h1:9T104GzyrTigFIr8wt5mBrctHMim0Nb2HLGrmQ40KvY=
github.com/go-logr/stdr v1.2.2 h1:hSWxHoqTgW2S2qGc0LTAI563KZ5YKYRhT3MFKZMbjag=
github.com/go-logr/stdr v1.2.2/go.mod h1:mMo/vtBO5dYbehREoey6XUKy/eSumjCCveDpRre4VKE=
github.com/golang/protobuf v1.5.0/go.mod h1:FsONVRAS9T7sI+LIUmWTfcYkHO4aIWwzhcaSAoJOfIk=
github.com/golang/protobuf v1.5.3 h1:KhyjKVUg7Usr/dYsdSqoFveMYd5ko72D+zANwlG1mmg=
github.com/golang/protobuf v1.5.3/go.mod h1:XVQd3VNwM+JqD3oG2Ue2ip4fOMUkwXdXDdiuN0vRsmY=
github.com/google/go-cmp v0.5.5/go.mod h1:v8dTdLbMG2kIc/vJvl+f65V22dbkXbowE6jgT/gNBxE=
github.com/google/go-cmp v0.6.0 h1:ofyhxvXcZhMsU5ulbFiLKl/XBFqE1GSq7atu8tAmTRI=
github.com/google/go-cmp v0.6.0/go.mod h1:17dUlkBOakJ0+DkrSSNjCkIjxS6bF9zb3elmeNGIjoY=
github.com/grpc-ecosystem/grpc-gateway/v2 v2.19.1 h1:/c3QmbOGMGTOumP2iT/rCwB7b0QDGLKzqOmktBjT+Is=
github.com/grpc-ecosystem/grpc-gateway/v2 v2.19.1/go.mod h1:5SN9VR2LTsRFsrEC6FHgRbTWrTHu6tqPeKxEQv15giM=
github.com/jackc/pgpassfile v1.0.0 h1:/6Hmqy13Ss2zCq62VdNG8tM1wchn8zjSGOBJ6icpsIM=
github.com/jackc/pgpassfile v1.0.0/go.mod h1:CEx0iS5ambNFdcRtxPj5JhEz+xB6uRky5eyVu/W2HEg=
github.com/jackc/pgservicefile v0.0.0-20231201235250-de7065d80cb9 h1:L0QtFUgDarD7Fpv9jeVMgy/+Ec0mtnmYuImjTz6dtDA=
github.com/jackc/pgservicefile v0.0.0-20231201235250-de7065d80cb9/go.mod h1:5TJZWKEWniPve33vlWYSoGYefn3gLQRzjfDlhSJ9ZKM=
github.com/jackc/pgx/v5 v5.5.3 h1:Ces6/M3wbDXYpM8JyyPD57ivTtJACFZJd885pdIaV2s=
github.com/jackc/pgx/v5 v5.5.3/go.mod h1:ez9gk+OAat140fv9ErkZDYFWmXLfV+++K0uAOiwgm1A=
github.com/jackc/puddle/v2 v2.2.1 h1:RhxXJtFG022u4ibrCSMSiu5aOq1i77R3OHKNJj77OAk=
github.com/jackc/puddle/v2 v2.2.1/go.mod h1:vriiEXHvEE654aYKXXjOvZM39qJ0q+azkZFrfEOc3H4=
github.com/lann/builder v0.0.0-20180802200727-47ae307949d0 h1:SOEGU9fKiNWd/HOJuq6+3iTQz8KNCLtVX6idSoTLdUw=
github.com/lann/builder v0.0.0-20180802200727-47ae307949d0/go.mod h1:dXGbAdH5GtBTC4WfIxhKZfyBF/HBFgRZSWwZ9g/He9o=
github.com/lann/ps v0.0.0-20150810152359-62de8c46ede0 h1:P6pPBnrTSX3DEVR4fDembhRWSsG5rVo6hYhAB/ADZrk=
github.com/lann/ps v0.0.0-20150810152359-62de8c46ede0/go.mod h1:vmVJ0l/dxyfGW6FmdpVm2joNMFikkuWg0EoCKLGUMNw=
github.com/pmezard/go-difflib v1.0.0 h1:4DBwDE0NGyQoBHbLQYPwSUPoCMWR5BEzIk/f1lZbAQM=
github.com/pmezard/go-difflib v1.0.0/go.mod h1:iKH77koFhYxTK1pcRnkKkqfTogsbg7gZNVY4sRDYZ/4=
github.com/prometheus/client_golang v1.18.0 h1:HzFfmkOzH5Q8L8G+kSJKUx5dtG87sewO+FoDDqP5Tbk=
github.com/prometheus/client_golang v1.18.0/go.mod h1:T+GXkCk5wSJyOqMIzVgvvjFDlkOQntgjkJWKrN5txjA=
github.com/prometheus/client_model v0.5.0 h1:VQw1hfvPvk3Uv6Qf29VrPF32JB6rtbgI6cYPYQjL0Qw=
github.com/prometheus/client_model v0.5.0/go.mod h1:dTiFglRmd66nLR9Pv9f0mZi7B7fk5Pm3gvsjB5tr+kI=
github.com/prometheus/common v0.47.0 h1:p5Cz0FNHo7SnWOmWmoRozVcjEp0bIVU8cV7OShpjL1k=
github.com/prometheus/common v0.47.0/go.mod h1:0/KsvlIEfPQCQ5I2iNSAWKPZziNCvRs5EC6ILDTlAPc=
github.com/prometheus/procfs v0.12.0 h1:jluTpSng7V9hY0O2R9DzzJHYb2xULk9VTR1V1R/k6Bo=
github.com/prometheus/procfs v0.12.0/go.mod h1:pcuDEFsWDnvcgNzo4EEweacyhjeA9Zk3cnaOZAZEfOo=
github.com/stretchr/objx v0.1.0/go.mod h1:HFkY916IF+rwdDfMAkV7OtwuqBVzrE8GR6GFx+wExME=
github.com/stretchr/testify v1.2.2/go.mod h1:a8OnRcib4nhh0OaRAV+Yts87kKdq0PP7pXfy6kDkUVs=
github.com/stretchr/testify v1.3.0/go.mod h1:M5WIy9Dh21IEIfnGCwXGc5bZfKNJtfHm1UVUgZn+9EI=
github.com/stretchr/testify v1.7.0/go.mod h1:6Fq8oRcR53rry900zMqJjRRixrwX3KX962/h/Wwjteg=
github.com/stretchr/testify v1.8.4 h1:CcVxjf3Q8PM0mHUKJCdn+eZZtm5yQwehR5yeSVQQcUk=
github.com/stretchr/testify v1.8.4/go.mod h1:sz/lmYIOXD/1dqDmKjjqLyZ2RngseejIcXlSw2iwfAo=
go.opentelemetry.io/contrib/instrumentation/google.golang.org/grpc/otelgrpc v0.48.0 h1:P+/g8GpuJGYbOp2tAdKrIPUX9JO02q8Q0YNlHolpibA=
go.opentelemetry.io/contrib/instrumentation/google.golang.org/grpc/otelgrpc v0.48.0/go.mod h1:tIKj3DbO8N9Y2xo52og3irLsPI4GW02DSMtrVgNMgxg=
go.opentelemetry.io/contrib/instrumentation/net/http/otelhttp v0.48.0 h1:doUP+ExOpH3spVTLS0FcWGLnQrPct/hD/bCPbDRUEAU=
go.opentelemetry.io/contrib/instrumentation/net/http/otelhttp v0.48.0/go.mod h1:rdENBZMT2OE6Ne/KLwpiXudnAsbdrdBaqBvTN8M8BgA=
go.opentelemetry.io/contrib/propagators/b3 v1.23.0 h1:aaIGWc5JdfRGpCafLRxMJbD65MfTa206AwSKkvGS0Hg=
go.opentelemetry.io/contrib/propagators/b3 v1.23.0/go.mod h1:Gyz7V7XghvwTq+mIhLFlTgcc03UDroOg8vezs4NLhwU=
go.opentelemetry.io/otel v1.23.1 h1:Za4UzOqJYS+MUczKI320AtqZHZb7EqxO00jAHE0jmQY=
go.opentelemetry.io/otel v1.23.1/go.mod h1:Td0134eafDLcTS4y+zQ26GE8u3dEuRBiBCTUIRHaikA=
go.opentelemetry.io/otel/exporters/otlp/otlptrace v1.23.1 h1:o8iWeVFa1BcLtVEV0LzrCxV2/55tB3xLxADr6Kyoey4=
go.opentelemetry.io/otel/exporters/otlp/otlptrace v1.23.1/go.mod h1:SEVfdK4IoBnbT2FXNM/k8yC08MrfbhWk3U4ljM8B3HE=
go.opentelemetry.io/otel/exporters/otlp/otlptrace/otlptracegrpc v1.23.1 h1:p3A5+f5l9e/kuEBwLOrnpkIDHQFlHmbiVxMURWRK6gQ=
go.opentelemetry.io/otel/exporters/otlp/otlptrace/otlptracegrpc v1.23.1/go.mod h1:OClrnXUjBqQbInvjJFjYSnMxBSCXBF8r3b34WqjiIrQ=
go.opentelemetry.io/otel/exporters/otlp/otlptrace/otlptracehttp v1.23.1 h1:cfuy3bXmLJS7M1RZmAL6SuhGtKUp2KEsrm00OlAXkq4=
go.opentelemetry.io/otel/exporters/otlp/otlptrace/otlptracehttp v1.23.1/go.mod h1:22jr92C6KwlwItJmQzfixzQM3oyyuYLCfHiMY+rpsPU=
go.opentelemetry.io/otel/exporters/prometheus v0.45.2 h1:pe2Jqk1K18As0RCw7J08QhgXNqr+6npx0a5W4IgAFA8=
go.opentelemetry.io/otel/exporters/prometheus v0.45.2/go.mod h1:B38pscHKI6bhFS44FDw0eFU3iqG3ASNIvY+fZgR5sAc=
go.opentelemetry.io/otel/exporters/stdout/stdoutmetric v1.23.1 h1:C8r95vDR125t815KD+b1tI0Fbc1pFnwHTBxkbIZ6Szc=
go.opentelemetry.io/otel/exporters/stdout/stdoutmetric v1.23.1/go.mod h1:Qr0qomr64jentMtOjWMbtYeJMSuMSlsPEjmnRA2sWZ4=
go.opentelemetry.io/otel/exporters/stdout/stdouttrace v1.23.1 h1:IqmsDcJnxQSs6W+1TMSqpYO7VY4ZuEKJGYlSBPUlT1s=
go.opentelemetry.io/otel/exporters/stdout/stdouttrace v1.23.1/go.mod h1:VMZ84RYOd4Lrp0+09mckDvqBj2PXWDwOFaxb1P5uO8g=
go.opentelemetry.io/otel/metric v1.23.1 h1:PQJmqJ9u2QaJLBOELl1cxIdPcpbwzbkjfEyelTl2rlo=
go.opentelemetry.io/otel/metric v1.23.1/go.mod h1:mpG2QPlAfnK8yNhNJAxDZruU9Y1/HubbC+KyH8FaCWI=
go.opentelemetry.io/otel/sdk v1.23.1 h1:O7JmZw0h76if63LQdsBMKQDWNb5oEcOThG9IrxscV+E=
go.opentelemetry.io/otel/sdk v1.23.1/go.mod h1:LzdEVR5am1uKOOwfBWFef2DCi1nu3SA8XQxx2IerWFk=
go.opentelemetry.io/otel/sdk/metric v1.23.1 h1:T9/8WsYg+ZqIpMWwdISVVrlGb/N0Jr1OHjR/alpKwzg=
go.opentelemetry.io/otel/sdk/metric v1.23.1/go.mod h1:8WX6WnNtHCgUruJ4TJ+UssQjMtpxkpX0zveQC8JG/E0=
go.opentelemetry.io/otel/trace v1.23.1 h1:4LrmmEd8AU2rFvU1zegmvqW7+kWarxtNOPyeL6HmYY8=
go.opentelemetry.io/otel/trace v1.23.1/go.mod h1:4IpnpJFwr1mo/6HL8XIPJaE9y0+u1KcVmuW7dwFSVrI=
go.opentelemetry.io/proto/otlp v1.1.0 h1:2Di21piLrCqJ3U3eXGCTPHE9R8Nh+0uglSnOyxikMeI=
go.opentelemetry.io/proto/otlp v1.1.0/go.mod h1:GpBHCBWiqvVLDqmHZsoMM3C5ySeKTC7ej/RNTae6MdY=
go.uber.org/goleak v1.3.0 h1:2K3zAYmnTNqV73imy9J1T3WC+gmCePx2hEGkimedGto=
go.uber.org/goleak v1.3.0/go.mod h1:CoHD4mav9JJNrW/WLlf7HGZPjdw8EucARQHekz1X6bE=
golang.org/x/crypto v0.19.0 h1:ENy+Az/9Y1vSrlrvBSyna3PITt4tiZLf7sgCjZBX7Wo=
golang.org/x/crypto v0.19.0/go.mod h1:Iy9bg/ha4yyC70EfRS8jz+B6ybOBKMaSxLj6P6oBDfU=
golang.org/x/net v0.21.0 h1:AQyQV4dYCvJ7vGmJyKki9+PBdyvhkSd8EIx/qb0AYv4=
golang.org/x/net v0.21.0/go.mod h1:bIjVDfnllIU7BJ2DNgfnXvpSvtn8VRwhlsaeUTyUS44=
golang.org/x/oauth2 v0.16.0 h1:aDkGMBSYxElaoP81NpoUoz2oo2R2wHdZpGToUxfyQrQ=
golang.org/x/oauth2 v0.16.0/go.mod h1:hqZ+0LWXsiVoZpeld6jVt06P3adbS2Uu911W1SsJv2o=
golang.org/x/sync v0.6.0 h1:5BMeUDZ7vkXGfEr1x9B4bRcTH4lpkTkpdh0T/J+qjbQ=
golang.org/x/sync v0.6.0/go.mod h1:Czt+wKu1gCyEFDUtn0jG5QVvpJ6rzVqr5aXyt9drQfk=
golang.org/x/sys v0.17.0 h1:25cE3gD+tdBA7lp7QfhuV+rJiE9YXTcS3VG1SqssI/Y=
golang.org/x/sys v0.17.0/go.mod h1:/VUhepiaJMQUp4+oa/7Zr1D23ma6VTLIYjOOTFZPUcA=
golang.org/x/text v0.14.0 h1:ScX5w1eTa3QqT8oi6+ziP7dTV1S2+ALU0bI+0zXKWiQ=
golang.org/x/text v0.14.0/go.mod h1:18ZOQIKpY8NJVqYksKHtTdi31H5itFRjB5/qKTNYzSU=
golang.org/x/xerrors v0.0.0-20191204190536-9bdfabe68543/go.mod h1:I/5z698sn9Ka8TeJc9MKroUUfqBBauWjQqLJ2OPfmY0=
google.golang.org/appengine v1.6.8 h1:IhEN5q69dyKagZPYMSdIjS2HqprW324FRQZJcGqPAsM=
google.golang.org/appengine v1.6.8/go.mod h1:1jJ3jBArFh5pcgW8gCtRJnepW8FzD1V44FJffLiz/Ds=
google.golang.org/genproto v0.0.0-20240205150955-31a09d347014 h1:g/4bk7P6TPMkAUbUhquq98xey1slwvuVJPosdBqYJlU=
google.golang.org/genproto v0.0.0-20240205150955-31a09d347014/go.mod h1:xEgQu1e4stdSSsxPDK8Azkrk/ECl5HvdPf6nbZrTS5M=
google.golang.org/genproto/googleapis/api v0.0.0-20240213162025-012b6fc9bca9 h1:4++qSzdWBUy9/2x8L5KZgwZw+mjJZ2yDSCGMVM0YzRs=
google.golang.org/genproto/googleapis/api v0.0.0-20240213162025-012b6fc9bca9/go.mod h1:PVreiBMirk8ypES6aw9d4p6iiBNSIfZEBqr3UGoAi2E=
google.golang.org/genproto/googleapis/rpc v0.0.0-20240213162025-012b6fc9bca9 h1:hZB7eLIaYlW9qXRfCq/qDaPdbeY3757uARz5Vvfv+cY=
google.golang.org/genproto/googleapis/rpc v0.0.0-20240213162025-012b6fc9bca9/go.mod h1:YUWgXUFRPfoYK1IHMuxH5K6nPEXSCzIMljnQ59lLRCk=
google.golang.org/grpc v1.61.1 h1:kLAiWrZs7YeDM6MumDe7m3y4aM6wacLzM1Y/wiLP9XY=
google.golang.org/grpc v1.61.1/go.mod h1:VUbo7IFqmF1QtCAstipjG0GIoq49KvMe9+h1jFLBNJs=
google.golang.org/protobuf v1.26.0-rc.1/go.mod h1:jlhhOSvTdKEhbULTjvd4ARK9grFBp09yW+WbY/TyQbw=
google.golang.org/protobuf v1.26.0/go.mod h1:9q0QmTI4eRPtz6boOQmLYwt+qCgq0jsYwAQnmE0givc=
google.golang.org/protobuf v1.32.0 h1:pPC6BG5ex8PDFnkbrGU3EixyhKcQ2aDuBS36lqK/C7I=
google.golang.org/protobuf v1.32.0/go.mod h1:c6P6GXX6sHbq/GpV6MGZEdwhWPcYBgnhAHhKbcUYpos=
gopkg.in/check.v1 v0.0.0-20161208181325-20d25e280405/go.mod h1:Co6ibVJAznAaIkqp8huTwlJQCZ016jof/cbN4VW5Yz0=
gopkg.in/yaml.v3 v3.0.0-20200313102051-9f266ea9e77c/go.mod h1:K4uyk7z7BCEPqu6E+C64Yfv1cQ7kz7rIZviUmN+EgEM=
gopkg.in/yaml.v3 v3.0.1 h1:fxVm/GzAzEWqLHuvctI91KS9hhNmmWOoWu0XTYJS7CA=
gopkg.in/yaml.v3 v3.0.1/go.mod h1:K4uyk7z7BCEPqu6E+C64Yfv1cQ7kz7rIZviUmN+EgEM=
